
Microsoft Visual Studio Solution File, Format Version 12.00
# Visual Studio 14
VisualStudioVersion = 14.0.24720.0
MinimumVisualStudioVersion = 10.0.40219.1
Project("{FAE04EC0-301F-11D3-BF4B-00C04F79EFBC}") = "LogonTimes", "LogonTimes\LogonTimes.csproj", "{FE5C3199-6A91-4C01-B2A5-85F3778D796B}"
EndProject
Project("{FAE04EC0-301F-11D3-BF4B-00C04F79EFBC}") = "Cassia", "..\Cassia\Source\Cassia\Cassia.csproj", "{FA7C09C9-33DE-459E-8299-DE57834CEC15}"
EndProject
Project("{FAE04EC0-301F-11D3-BF4B-00C04F79EFBC}") = "SourceGrid", "..\SourceGrid\SourceGrid\SourceGrid.csproj", "{2A5A1657-DBA8-4117-8E2A-9F1236ACE9E2}"
EndProject
Project("{54435603-DBB4-11D2-8724-00A0C9A8B90C}") = "LogonTimesSetup", "LogonTimesSetup\LogonTimesSetup.vdproj", "{5EF5DC9B-7FD8-47B7-9262-77DF64B15E46}"
EndProject
Project("{FAE04EC0-301F-11D3-BF4B-00C04F79EFBC}") = "LinqToDB", "..\Linq2db\Source\LinqToDB.csproj", "{7CBD2975-3D0C-4BC3-BB4E-932F910778CF}"
EndProject
Project("{FAE04EC0-301F-11D3-BF4B-00C04F79EFBC}") = "LogonTimesTesting", "LogonTimesTesting\LogonTimesTesting.csproj", "{EC2C6A07-8FEC-4DC0-8B8B-B6D1CF0E29ED}"
EndProject
Global
	GlobalSection(SolutionConfigurationPlatforms) = preSolution
		Debug|Any CPU = Debug|Any CPU
		Debug|x86 = Debug|x86
		DebugMono|Any CPU = DebugMono|Any CPU
		DebugMono|x86 = DebugMono|x86
		Release|Any CPU = Release|Any CPU
		Release|x86 = Release|x86
		ReleaseMono|Any CPU = ReleaseMono|Any CPU
		ReleaseMono|x86 = ReleaseMono|x86
	EndGlobalSection
	GlobalSection(ProjectConfigurationPlatforms) = postSolution
		{FE5C3199-6A91-4C01-B2A5-85F3778D796B}.Debug|Any CPU.ActiveCfg = Debug|Any CPU
		{FE5C3199-6A91-4C01-B2A5-85F3778D796B}.Debug|Any CPU.Build.0 = Debug|Any CPU
		{FE5C3199-6A91-4C01-B2A5-85F3778D796B}.Debug|x86.ActiveCfg = Debug|Any CPU
		{FE5C3199-6A91-4C01-B2A5-85F3778D796B}.Debug|x86.Build.0 = Debug|Any CPU
		{FE5C3199-6A91-4C01-B2A5-85F3778D796B}.DebugMono|Any CPU.ActiveCfg = Debug|Any CPU
		{FE5C3199-6A91-4C01-B2A5-85F3778D796B}.DebugMono|Any CPU.Build.0 = Debug|Any CPU
		{FE5C3199-6A91-4C01-B2A5-85F3778D796B}.DebugMono|x86.ActiveCfg = Debug|Any CPU
		{FE5C3199-6A91-4C01-B2A5-85F3778D796B}.DebugMono|x86.Build.0 = Debug|Any CPU
		{FE5C3199-6A91-4C01-B2A5-85F3778D796B}.Release|Any CPU.ActiveCfg = Release|Any CPU
		{FE5C3199-6A91-4C01-B2A5-85F3778D796B}.Release|Any CPU.Build.0 = Release|Any CPU
		{FE5C3199-6A91-4C01-B2A5-85F3778D796B}.Release|x86.ActiveCfg = Release|Any CPU
		{FE5C3199-6A91-4C01-B2A5-85F3778D796B}.Release|x86.Build.0 = Release|Any CPU
		{FE5C3199-6A91-4C01-B2A5-85F3778D796B}.ReleaseMono|Any CPU.ActiveCfg = Release|Any CPU
		{FE5C3199-6A91-4C01-B2A5-85F3778D796B}.ReleaseMono|Any CPU.Build.0 = Release|Any CPU
		{FE5C3199-6A91-4C01-B2A5-85F3778D796B}.ReleaseMono|x86.ActiveCfg = Release|Any CPU
		{FE5C3199-6A91-4C01-B2A5-85F3778D796B}.ReleaseMono|x86.Build.0 = Release|Any CPU
		{FA7C09C9-33DE-459E-8299-DE57834CEC15}.Debug|Any CPU.ActiveCfg = Debug|Any CPU
		{FA7C09C9-33DE-459E-8299-DE57834CEC15}.Debug|Any CPU.Build.0 = Debug|Any CPU
		{FA7C09C9-33DE-459E-8299-DE57834CEC15}.Debug|x86.ActiveCfg = Debug|Any CPU
		{FA7C09C9-33DE-459E-8299-DE57834CEC15}.Debug|x86.Build.0 = Debug|Any CPU
		{FA7C09C9-33DE-459E-8299-DE57834CEC15}.DebugMono|Any CPU.ActiveCfg = Debug|Any CPU
		{FA7C09C9-33DE-459E-8299-DE57834CEC15}.DebugMono|Any CPU.Build.0 = Debug|Any CPU
		{FA7C09C9-33DE-459E-8299-DE57834CEC15}.DebugMono|x86.ActiveCfg = Debug|Any CPU
		{FA7C09C9-33DE-459E-8299-DE57834CEC15}.DebugMono|x86.Build.0 = Debug|Any CPU
		{FA7C09C9-33DE-459E-8299-DE57834CEC15}.Release|Any CPU.ActiveCfg = Release|Any CPU
		{FA7C09C9-33DE-459E-8299-DE57834CEC15}.Release|Any CPU.Build.0 = Release|Any CPU
		{FA7C09C9-33DE-459E-8299-DE57834CEC15}.Release|x86.ActiveCfg = Release|Any CPU
		{FA7C09C9-33DE-459E-8299-DE57834CEC15}.Release|x86.Build.0 = Release|Any CPU
		{FA7C09C9-33DE-459E-8299-DE57834CEC15}.ReleaseMono|Any CPU.ActiveCfg = Release|Any CPU
		{FA7C09C9-33DE-459E-8299-DE57834CEC15}.ReleaseMono|Any CPU.Build.0 = Release|Any CPU
		{FA7C09C9-33DE-459E-8299-DE57834CEC15}.ReleaseMono|x86.ActiveCfg = Release|Any CPU
		{FA7C09C9-33DE-459E-8299-DE57834CEC15}.ReleaseMono|x86.Build.0 = Release|Any CPU
		{2A5A1657-DBA8-4117-8E2A-9F1236ACE9E2}.Debug|Any CPU.ActiveCfg = Debug|Any CPU
		{2A5A1657-DBA8-4117-8E2A-9F1236ACE9E2}.Debug|Any CPU.Build.0 = Debug|Any CPU
		{2A5A1657-DBA8-4117-8E2A-9F1236ACE9E2}.Debug|x86.ActiveCfg = Debug|Any CPU
		{2A5A1657-DBA8-4117-8E2A-9F1236ACE9E2}.Debug|x86.Build.0 = Debug|Any CPU
		{2A5A1657-DBA8-4117-8E2A-9F1236ACE9E2}.DebugMono|Any CPU.ActiveCfg = Debug|Any CPU
		{2A5A1657-DBA8-4117-8E2A-9F1236ACE9E2}.DebugMono|Any CPU.Build.0 = Debug|Any CPU
		{2A5A1657-DBA8-4117-8E2A-9F1236ACE9E2}.DebugMono|x86.ActiveCfg = Debug|Any CPU
		{2A5A1657-DBA8-4117-8E2A-9F1236ACE9E2}.DebugMono|x86.Build.0 = Debug|Any CPU
		{2A5A1657-DBA8-4117-8E2A-9F1236ACE9E2}.Release|Any CPU.ActiveCfg = Release|Any CPU
		{2A5A1657-DBA8-4117-8E2A-9F1236ACE9E2}.Release|Any CPU.Build.0 = Release|Any CPU
		{2A5A1657-DBA8-4117-8E2A-9F1236ACE9E2}.Release|x86.ActiveCfg = Release|Any CPU
		{2A5A1657-DBA8-4117-8E2A-9F1236ACE9E2}.Release|x86.Build.0 = Release|Any CPU
		{2A5A1657-DBA8-4117-8E2A-9F1236ACE9E2}.ReleaseMono|Any CPU.ActiveCfg = Release|Any CPU
		{2A5A1657-DBA8-4117-8E2A-9F1236ACE9E2}.ReleaseMono|Any CPU.Build.0 = Release|Any CPU
		{2A5A1657-DBA8-4117-8E2A-9F1236ACE9E2}.ReleaseMono|x86.ActiveCfg = Release|Any CPU
		{2A5A1657-DBA8-4117-8E2A-9F1236ACE9E2}.ReleaseMono|x86.Build.0 = Release|Any CPU
		{5EF5DC9B-7FD8-47B7-9262-77DF64B15E46}.Debug|Any CPU.ActiveCfg = Debug
		{5EF5DC9B-7FD8-47B7-9262-77DF64B15E46}.Debug|x86.ActiveCfg = Debug
		{5EF5DC9B-7FD8-47B7-9262-77DF64B15E46}.DebugMono|Any CPU.ActiveCfg = Debug
		{5EF5DC9B-7FD8-47B7-9262-77DF64B15E46}.DebugMono|Any CPU.Build.0 = Debug
		{5EF5DC9B-7FD8-47B7-9262-77DF64B15E46}.DebugMono|x86.ActiveCfg = Debug
		{5EF5DC9B-7FD8-47B7-9262-77DF64B15E46}.DebugMono|x86.Build.0 = Debug
		{5EF5DC9B-7FD8-47B7-9262-77DF64B15E46}.Release|Any CPU.ActiveCfg = Release
		{5EF5DC9B-7FD8-47B7-9262-77DF64B15E46}.Release|x86.ActiveCfg = Release
		{5EF5DC9B-7FD8-47B7-9262-77DF64B15E46}.ReleaseMono|Any CPU.ActiveCfg = Release
		{5EF5DC9B-7FD8-47B7-9262-77DF64B15E46}.ReleaseMono|Any CPU.Build.0 = Release
		{5EF5DC9B-7FD8-47B7-9262-77DF64B15E46}.ReleaseMono|x86.ActiveCfg = Release
		{5EF5DC9B-7FD8-47B7-9262-77DF64B15E46}.ReleaseMono|x86.Build.0 = Release
		{7CBD2975-3D0C-4BC3-BB4E-932F910778CF}.Debug|Any CPU.ActiveCfg = Debug|Any CPU
		{7CBD2975-3D0C-4BC3-BB4E-932F910778CF}.Debug|Any CPU.Build.0 = Debug|Any CPU
		{7CBD2975-3D0C-4BC3-BB4E-932F910778CF}.Debug|x86.ActiveCfg = Debug|Any CPU
		{7CBD2975-3D0C-4BC3-BB4E-932F910778CF}.Debug|x86.Build.0 = Debug|Any CPU
		{7CBD2975-3D0C-4BC3-BB4E-932F910778CF}.DebugMono|Any CPU.ActiveCfg = DebugMono|Any CPU
		{7CBD2975-3D0C-4BC3-BB4E-932F910778CF}.DebugMono|Any CPU.Build.0 = DebugMono|Any CPU
		{7CBD2975-3D0C-4BC3-BB4E-932F910778CF}.DebugMono|x86.ActiveCfg = DebugMono|Any CPU
		{7CBD2975-3D0C-4BC3-BB4E-932F910778CF}.DebugMono|x86.Build.0 = DebugMono|Any CPU
		{7CBD2975-3D0C-4BC3-BB4E-932F910778CF}.Release|Any CPU.ActiveCfg = Release|Any CPU
		{7CBD2975-3D0C-4BC3-BB4E-932F910778CF}.Release|Any CPU.Build.0 = Release|Any CPU
		{7CBD2975-3D0C-4BC3-BB4E-932F910778CF}.Release|x86.ActiveCfg = Release|Any CPU
		{7CBD2975-3D0C-4BC3-BB4E-932F910778CF}.Release|x86.Build.0 = Release|Any CPU
		{7CBD2975-3D0C-4BC3-BB4E-932F910778CF}.ReleaseMono|Any CPU.ActiveCfg = ReleaseMono|Any CPU
		{7CBD2975-3D0C-4BC3-BB4E-932F910778CF}.ReleaseMono|Any CPU.Build.0 = ReleaseMono|Any CPU
		{7CBD2975-3D0C-4BC3-BB4E-932F910778CF}.ReleaseMono|x86.ActiveCfg = ReleaseMono|Any CPU
		{7CBD2975-3D0C-4BC3-BB4E-932F910778CF}.ReleaseMono|x86.Build.0 = ReleaseMono|Any CPU
		{EC2C6A07-8FEC-4DC0-8B8B-B6D1CF0E29ED}.Debug|Any CPU.ActiveCfg = Debug|Any CPU
		{EC2C6A07-8FEC-4DC0-8B8B-B6D1CF0E29ED}.Debug|Any CPU.Build.0 = Debug|Any CPU
		{EC2C6A07-8FEC-4DC0-8B8B-B6D1CF0E29ED}.Debug|x86.ActiveCfg = Debug|Any CPU
		{EC2C6A07-8FEC-4DC0-8B8B-B6D1CF0E29ED}.Debug|x86.Build.0 = Debug|Any CPU
		{EC2C6A07-8FEC-4DC0-8B8B-B6D1CF0E29ED}.DebugMono|Any CPU.ActiveCfg = Debug|Any CPU
		{EC2C6A07-8FEC-4DC0-8B8B-B6D1CF0E29ED}.DebugMono|Any CPU.Build.0 = Debug|Any CPU
		{EC2C6A07-8FEC-4DC0-8B8B-B6D1CF0E29ED}.DebugMono|x86.ActiveCfg = Debug|Any CPU
		{EC2C6A07-8FEC-4DC0-8B8B-B6D1CF0E29ED}.DebugMono|x86.Build.0 = Debug|Any CPU
		{EC2C6A07-8FEC-4DC0-8B8B-B6D1CF0E29ED}.Release|Any CPU.ActiveCfg = Release|Any CPU
		{EC2C6A07-8FEC-4DC0-8B8B-B6D1CF0E29ED}.Release|Any CPU.Build.0 = Release|Any CPU
		{EC2C6A07-8FEC-4DC0-8B8B-B6D1CF0E29ED}.Release|x86.ActiveCfg = Release|Any CPU
		{EC2C6A07-8FEC-4DC0-8B8B-B6D1CF0E29ED}.Release|x86.Build.0 = Release|Any CPU
		{EC2C6A07-8FEC-4DC0-8B8B-B6D1CF0E29ED}.ReleaseMono|Any CPU.ActiveCfg = Release|Any CPU
		{EC2C6A07-8FEC-4DC0-8B8B-B6D1CF0E29ED}.ReleaseMono|Any CPU.Build.0 = Release|Any CPU
		{EC2C6A07-8FEC-4DC0-8B8B-B6D1CF0E29ED}.ReleaseMono|x86.ActiveCfg = Release|Any CPU
		{EC2C6A07-8FEC-4DC0-8B8B-B6D1CF0E29ED}.ReleaseMono|x86.Build.0 = Release|Any CPU
	EndGlobalSection
	GlobalSection(SolutionProperties) = preSolution
		HideSolutionNode = FALSE
	EndGlobalSection
EndGlobal
